<?xml version="1.0" encoding="utf-8"?>
<Project ToolsVersion="4.0" xmlns="http://schemas.microsoft.com/developer/msbuild/2003">
  <ItemGroup>
    <Filter Include="源文件">
      <UniqueIdentifier>{4FC737F1-C7A5-4376-A066-2A32D752A2FF}</UniqueIdentifier>
      <Extensions>cpp;c;cc;cxx;c++;cppm;ixx;def;odl;idl;hpj;bat;asm;asmx</Extensions>
    </Filter>
    <Filter Include="头文件">
      <UniqueIdentifier>{93995380-89BD-4b04-88EB-625FBE52EBFB}</UniqueIdentifier>
      <Extensions>h;hh;hpp;hxx;h++;hm;inl;inc;ipp;xsd</Extensions>
    </Filter>
    <Filter Include="资源文件">
      <UniqueIdentifier>{67DA6AB6-F800-4c08-8B7A-83BB121AAD01}</UniqueIdentifier>
      <Extensions>rc;ico;cur;bmp;dlg;rc2;rct;bin;rgs;gif;jpg;jpeg;jpe;resx;tiff;tif;png;wav;mfcribbon-ms</Extensions>
    </Filter>
    <Filter Include="头文件\window">
      <UniqueIdentifier>{ba370f31-ec3d-45c1-9ec8-a594a05dd649}</UniqueIdentifier>
    </Filter>
    <Filter Include="源文件\window">
      <UniqueIdentifier>{608ab288-932d-4ab1-81a1-64e863260128}</UniqueIdentifier>
    </Filter>
    <Filter Include="头文件\graphics">
      <UniqueIdentifier>{a1807267-28d1-4df2-b5f9-1e83c00439f5}</UniqueIdentifier>
    </Filter>
    <Filter Include="源文件\graphics">
      <UniqueIdentifier>{3bb47ae6-ca04-49bb-ac52-6ed420135c00}</UniqueIdentifier>
    </Filter>
    <Filter Include="头文件\render_tasks">
      <UniqueIdentifier>{64003514-86a6-4b9b-ade1-de755885d021}</UniqueIdentifier>
    </Filter>
    <Filter Include="源文件\render_tasks">
      <UniqueIdentifier>{3089873e-112e-4394-99bf-1abd29bcbda1}</UniqueIdentifier>
    </Filter>
    <Filter Include="头文件\render_tasks\random_dot">
      <UniqueIdentifier>{4da50ce3-a111-4c9c-a73e-12b4c8d58559}</UniqueIdentifier>
    </Filter>
    <Filter Include="源文件\render_tasks\random_dot">
      <UniqueIdentifier>{aac573df-3d18-4006-80fd-df76770f8c0b}</UniqueIdentifier>
    </Filter>
    <Filter Include="头文件\render_tasks\radial_lines">
      <UniqueIdentifier>{d0ab2588-4caf-45aa-959d-dff603e19ae2}</UniqueIdentifier>
    </Filter>
    <Filter Include="源文件\render_tasks\radial_lines">
      <UniqueIdentifier>{cab24ca6-bc20-4e2d-afee-69081259d2c8}</UniqueIdentifier>
    </Filter>
    <Filter Include="头文件\math">
      <UniqueIdentifier>{d42e9d9b-5a25-4030-9976-1721cf63fa01}</UniqueIdentifier>
    </Filter>
    <Filter Include="头文件\render_tasks\vector_operations">
      <UniqueIdentifier>{1ab187de-a36f-4fb6-8043-c80963a2dec6}</UniqueIdentifier>
    </Filter>
    <Filter Include="源文件\render_tasks\vector_operations">
      <UniqueIdentifier>{68fba75e-ddaf-4299-8b0f-6a73a79dd9ea}</UniqueIdentifier>
    </Filter>
  </ItemGroup>
  <ItemGroup>
    <ClCompile Include="TBasicWindow.cpp">
      <Filter>源文件\window</Filter>
    </ClCompile>
    <ClCompile Include="main.cpp">
      <Filter>源文件</Filter>
    </ClCompile>
    <ClCompile Include="TRasterizer.cpp">
      <Filter>源文件\graphics</Filter>
    </ClCompile>
    <ClCompile Include="TRandomDotRenderTask.cpp">
      <Filter>源文件\render_tasks\random_dot</Filter>
    </ClCompile>
    <ClCompile Include="TColor.cpp">
      <Filter>源文件\graphics</Filter>
    </ClCompile>
    <ClCompile Include="TRadialLinesRenderTask.cpp">
      <Filter>源文件\render_tasks\radial_lines</Filter>
    </ClCompile>
    <ClCompile Include="TVectorOpsRenderTask.cpp">
      <Filter>源文件\render_tasks\vector_operations</Filter>
    </ClCompile>
  </ItemGroup>
  <ItemGroup>
    <ClInclude Include="TBasicWindow.h">
      <Filter>头文件\window</Filter>
    </ClInclude>
    <ClInclude Include="TRasterizer.h">
      <Filter>头文件\graphics</Filter>
    </ClInclude>
    <ClInclude Include="IRenderTask.h">
      <Filter>头文件\window</Filter>
    </ClInclude>
    <ClInclude Include="TRandomDotRenderTask.h">
      <Filter>头文件\render_tasks\random_dot</Filter>
    </ClInclude>
    <ClInclude Include="TColor.h">
      <Filter>头文件\graphics</Filter>
    </ClInclude>
    <ClInclude Include="TRadialLinesRenderTask.h">
      <Filter>头文件\render_tasks\radial_lines</Filter>
    </ClInclude>
    <ClInclude Include="TVector.h">
      <Filter>头文件\math</Filter>
    </ClInclude>
    <ClInclude Include="TVectorOpsRenderTask.h">
      <Filter>头文件\render_tasks\vector_operations</Filter>
    </ClInclude>
  </ItemGroup>
</Project>