<?xml version="1.0" encoding="utf-8"?>
<Project ToolsVersion="4.0" xmlns="http://schemas.microsoft.com/developer/msbuild/2003">
  <ItemGroup>
    <Filter Include="源文件">
      <UniqueIdentifier>{4FC737F1-C7A5-4376-A066-2A32D752A2FF}</UniqueIdentifier>
      <Extensions>cpp;c;cc;cxx;c++;cppm;ixx;def;odl;idl;hpj;bat;asm;asmx</Extensions>
    </Filter>
    <Filter Include="头文件">
      <UniqueIdentifier>{93995380-89BD-4b04-88EB-625FBE52EBFB}</UniqueIdentifier>
      <Extensions>h;hh;hpp;hxx;h++;hm;inl;inc;ipp;xsd</Extensions>
    </Filter>
    <Filter Include="资源文件">
      <UniqueIdentifier>{67DA6AB6-F800-4c08-8B7A-83BB121AAD01}</UniqueIdentifier>
      <Extensions>rc;ico;cur;bmp;dlg;rc2;rct;bin;rgs;gif;jpg;jpeg;jpe;resx;tiff;tif;png;wav;mfcribbon-ms</Extensions>
    </Filter>
    <Filter Include="头文件\window">
      <UniqueIdentifier>{ba370f31-ec3d-45c1-9ec8-a594a05dd649}</UniqueIdentifier>
    </Filter>
    <Filter Include="源文件\window">
      <UniqueIdentifier>{608ab288-932d-4ab1-81a1-64e863260128}</UniqueIdentifier>
    </Filter>
    <Filter Include="头文件\graphics">
      <UniqueIdentifier>{a1807267-28d1-4df2-b5f9-1e83c00439f5}</UniqueIdentifier>
    </Filter>
    <Filter Include="源文件\graphics">
      <UniqueIdentifier>{3bb47ae6-ca04-49bb-ac52-6ed420135c00}</UniqueIdentifier>
    </Filter>
    <Filter Include="头文件\render_tasks">
      <UniqueIdentifier>{64003514-86a6-4b9b-ade1-de755885d021}</UniqueIdentifier>
    </Filter>
    <Filter Include="源文件\render_tasks">
      <UniqueIdentifier>{3089873e-112e-4394-99bf-1abd29bcbda1}</UniqueIdentifier>
    </Filter>
    <Filter Include="头文件\render_tasks\random_dot">
      <UniqueIdentifier>{4da50ce3-a111-4c9c-a73e-12b4c8d58559}</UniqueIdentifier>
    </Filter>
    <Filter Include="源文件\render_tasks\random_dot">
      <UniqueIdentifier>{aac573df-3d18-4006-80fd-df76770f8c0b}</UniqueIdentifier>
    </Filter>
    <Filter Include="头文件\render_tasks\radial_lines">
      <UniqueIdentifier>{d0ab2588-4caf-45aa-959d-dff603e19ae2}</UniqueIdentifier>
    </Filter>
    <Filter Include="源文件\render_tasks\radial_lines">
      <UniqueIdentifier>{cab24ca6-bc20-4e2d-afee-69081259d2c8}</UniqueIdentifier>
    </Filter>
    <Filter Include="头文件\math">
      <UniqueIdentifier>{d42e9d9b-5a25-4030-9976-1721cf63fa01}</UniqueIdentifier>
    </Filter>
    <Filter Include="头文件\render_tasks\vector_operations">
      <UniqueIdentifier>{1ab187de-a36f-4fb6-8043-c80963a2dec6}</UniqueIdentifier>
    </Filter>
    <Filter Include="源文件\render_tasks\vector_operations">
      <UniqueIdentifier>{68fba75e-ddaf-4299-8b0f-6a73a79dd9ea}</UniqueIdentifier>
    </Filter>
    <Filter Include="头文件\render_tasks\colorful_triangle">
      <UniqueIdentifier>{7725a980-7cc0-4de4-a401-c737543973a9}</UniqueIdentifier>
    </Filter>
    <Filter Include="源文件\render_tasks\colorful_triangle">
      <UniqueIdentifier>{3eab22b3-956f-42d6-ba81-ff446f6db812}</UniqueIdentifier>
    </Filter>
    <Filter Include="头文件\external">
      <UniqueIdentifier>{dec29c68-8b7f-49ae-90b1-ca7824cdaee3}</UniqueIdentifier>
    </Filter>
    <Filter Include="头文件\external\stb">
      <UniqueIdentifier>{4c5078b6-28e6-4d1f-a524-416fd5e5a2d4}</UniqueIdentifier>
    </Filter>
    <Filter Include="资源文件\image">
      <UniqueIdentifier>{786d9925-e7ab-4434-8806-117903485536}</UniqueIdentifier>
    </Filter>
    <Filter Include="头文件\render_tasks\image_display">
      <UniqueIdentifier>{233ae118-ff46-45a0-bd4b-65e190f91fa2}</UniqueIdentifier>
    </Filter>
    <Filter Include="源文件\render_tasks\image_display">
      <UniqueIdentifier>{006a9ab0-7e53-4dc6-a95b-096870157062}</UniqueIdentifier>
    </Filter>
    <Filter Include="头文件\render_tasks\texture_uv">
      <UniqueIdentifier>{5ae4c65b-4d3e-4671-bde2-c0c61c7aa7b8}</UniqueIdentifier>
    </Filter>
    <Filter Include="源文件\render_tasks\texture_uv">
      <UniqueIdentifier>{7c29dc80-3616-4315-b25b-b0cc390ac066}</UniqueIdentifier>
    </Filter>
    <Filter Include="头文件\render_tasks\bilinear_uv">
      <UniqueIdentifier>{1ec5dba9-5e2f-47de-9055-d6dd924a2193}</UniqueIdentifier>
    </Filter>
    <Filter Include="源文件\render_tasks\bilinear_uv">
      <UniqueIdentifier>{e22e943e-c901-4392-add3-f07b25804a49}</UniqueIdentifier>
    </Filter>
    <Filter Include="头文件\render_tasks\wrap_mode">
      <UniqueIdentifier>{fe302413-bd31-4040-b05e-b52a41ad2f74}</UniqueIdentifier>
    </Filter>
    <Filter Include="源文件\render_tasks\wrap_mode">
      <UniqueIdentifier>{37c3214d-06fc-4a32-b094-7037bf5b4dc8}</UniqueIdentifier>
    </Filter>
    <Filter Include="头文件\render_tasks\matrix_operations">
      <UniqueIdentifier>{264cac86-c2e4-45db-a0ee-143a5de3630c}</UniqueIdentifier>
    </Filter>
    <Filter Include="源文件\render_tasks\matrix_operations">
      <UniqueIdentifier>{0c022352-013e-4a14-ac79-339616c76ebe}</UniqueIdentifier>
    </Filter>
    <Filter Include="头文件\render_tasks\view_transform">
      <UniqueIdentifier>{92b3e067-6f44-4d25-b439-58a30c86b9ed}</UniqueIdentifier>
    </Filter>
    <Filter Include="源文件\render_tasks\view_transform">
      <UniqueIdentifier>{77b0cb4c-a0eb-4103-8f87-0f39b9005b1e}</UniqueIdentifier>
    </Filter>
    <Filter Include="头文件\render_tasks\ogl_pipeline">
      <UniqueIdentifier>{e033b9c4-fed7-4e81-a270-d4a971db71f8}</UniqueIdentifier>
    </Filter>
    <Filter Include="源文件\render_tasks\ogl_pipeline">
      <UniqueIdentifier>{518c71e5-8f93-4918-a3ef-1628422d4339}</UniqueIdentifier>
    </Filter>
    <Filter Include="头文件\render_tasks\clipping">
      <UniqueIdentifier>{608d97f5-3cc9-4224-81bf-f11b3935c37f}</UniqueIdentifier>
    </Filter>
    <Filter Include="源文件\render_tasks\clipping">
      <UniqueIdentifier>{cf861357-ddd9-4d59-8e68-a4b9fa645ef3}</UniqueIdentifier>
    </Filter>
    <Filter Include="头文件\render_tasks\Shaders">
      <UniqueIdentifier>{63290ce3-0e3d-49af-a590-74202d85ef53}</UniqueIdentifier>
    </Filter>
    <Filter Include="源文件\render_tasks\Shaders">
      <UniqueIdentifier>{fe8cbe98-0c59-4996-b36a-c446bc2b84ad}</UniqueIdentifier>
    </Filter>
    <Filter Include="头文件\render_tasks\perspective_correction">
      <UniqueIdentifier>{404ea413-4a3e-40b8-94dd-5efe301761b2}</UniqueIdentifier>
    </Filter>
    <Filter Include="源文件\render_tasks\perspective_correction">
      <UniqueIdentifier>{a41841e9-541d-4abc-bd3d-37ae27861e4b}</UniqueIdentifier>
    </Filter>
    <Filter Include="头文件\render_tasks\culling">
      <UniqueIdentifier>{f6664234-0344-4772-8381-464ff24c6fbf}</UniqueIdentifier>
    </Filter>
    <Filter Include="源文件\render_tasks\culling">
      <UniqueIdentifier>{df0b48ea-7050-4afa-bb6c-ac649d4f310c}</UniqueIdentifier>
    </Filter>
    <Filter Include="头文件\render_tasks\depth_test">
      <UniqueIdentifier>{7ad60273-0796-406d-9fd7-cb9fac111999}</UniqueIdentifier>
    </Filter>
    <Filter Include="源文件\render_tasks\depth_test">
      <UniqueIdentifier>{a6cf5de5-740f-4fec-90b0-752f0d6d8172}</UniqueIdentifier>
    </Filter>
    <Filter Include="头文件\render_tasks\blending">
      <UniqueIdentifier>{c9b3e94f-700e-4184-a818-9b92345cd141}</UniqueIdentifier>
    </Filter>
    <Filter Include="源文件\render_tasks\blending">
      <UniqueIdentifier>{0e4b1dcf-c376-44d2-8385-967c4fd955fc}</UniqueIdentifier>
    </Filter>
    <Filter Include="头文件\render_tasks\texture_interface">
      <UniqueIdentifier>{2fbee37b-bedc-44b2-aed4-1d65064f64f6}</UniqueIdentifier>
    </Filter>
    <Filter Include="源文件\render_tasks\texture_interface">
      <UniqueIdentifier>{4d147abe-d63e-43b3-b849-75393f35c3c8}</UniqueIdentifier>
    </Filter>
    <Filter Include="源文件\render_tasks\Camera">
      <UniqueIdentifier>{e71902eb-7bd2-42bc-bed2-61cc74b41d29}</UniqueIdentifier>
    </Filter>
    <Filter Include="头文件\render_tasks\Camera">
      <UniqueIdentifier>{07c1e1a9-6de4-4ad7-954f-a6941a37a48e}</UniqueIdentifier>
    </Filter>
    <Filter Include="头文件\render_tasks\camera_control">
      <UniqueIdentifier>{112bd85b-e69a-4697-92fc-8c1e90cbef8e}</UniqueIdentifier>
    </Filter>
    <Filter Include="源文件\render_tasks\camera_control">
      <UniqueIdentifier>{7bcf1d5a-3a57-4122-80d5-52799dd3cc78}</UniqueIdentifier>
    </Filter>
    <Filter Include="头文件\render_tasks\lambertian">
      <UniqueIdentifier>{f455cbba-291a-45af-9df3-ec110796e2b8}</UniqueIdentifier>
    </Filter>
    <Filter Include="源文件\render_tasks\lambertian">
      <UniqueIdentifier>{feaa9e6a-5366-4bd1-837e-7229afaa141e}</UniqueIdentifier>
    </Filter>
    <Filter Include="头文件\render_tasks\Model">
      <UniqueIdentifier>{73c01901-9a8d-423a-a64d-6a80cc882d1a}</UniqueIdentifier>
    </Filter>
    <Filter Include="源文件\render_tasks\Model">
      <UniqueIdentifier>{4674ab12-b3bc-408c-bcc3-514cc919fc94}</UniqueIdentifier>
    </Filter>
    <Filter Include="头文件\render_tasks\model_loading">
      <UniqueIdentifier>{63b39188-3cd3-4ea6-b64f-e91754e88763}</UniqueIdentifier>
    </Filter>
    <Filter Include="源文件\render_tasks\model_loading">
      <UniqueIdentifier>{0023ea86-3839-42ba-964f-39a91ce991d5}</UniqueIdentifier>
    </Filter>
  </ItemGroup>
  <ItemGroup>
    <ClCompile Include="TBasicWindow.cpp">
      <Filter>源文件\window</Filter>
    </ClCompile>
    <ClCompile Include="main.cpp">
      <Filter>源文件</Filter>
    </ClCompile>
    <ClCompile Include="TRasterizer.cpp">
      <Filter>源文件\graphics</Filter>
    </ClCompile>
    <ClCompile Include="TRandomDotRenderTask.cpp">
      <Filter>源文件\render_tasks\random_dot</Filter>
    </ClCompile>
    <ClCompile Include="TColor.cpp">
      <Filter>源文件\graphics</Filter>
    </ClCompile>
    <ClCompile Include="TRadialLinesRenderTask.cpp">
      <Filter>源文件\render_tasks\radial_lines</Filter>
    </ClCompile>
    <ClCompile Include="TVectorOpsRenderTask.cpp">
      <Filter>源文件\render_tasks\vector_operations</Filter>
    </ClCompile>
    <ClCompile Include="TColorfulTriangleRenderTask.cpp">
      <Filter>源文件\render_tasks\colorful_triangle</Filter>
    </ClCompile>
    <ClCompile Include="TImage.cpp">
      <Filter>源文件\graphics</Filter>
    </ClCompile>
    <ClCompile Include="TImageDisplayTask.cpp">
      <Filter>源文件\render_tasks\image_display</Filter>
    </ClCompile>
    <ClCompile Include="TRenderState.cpp">
      <Filter>源文件\graphics</Filter>
    </ClCompile>
    <ClCompile Include="TTextureUVRenderTask.cpp">
      <Filter>源文件\render_tasks\texture_uv</Filter>
    </ClCompile>
    <ClCompile Include="TBilinearUVRenderTask.cpp">
      <Filter>源文件\render_tasks\bilinear_uv</Filter>
    </ClCompile>
    <ClCompile Include="TWrapModeRenderTask.cpp">
      <Filter>源文件\render_tasks\wrap_mode</Filter>
    </ClCompile>
    <ClCompile Include="TMatrixOpsTask.cpp">
      <Filter>源文件\render_tasks\matrix_operations</Filter>
    </ClCompile>
    <ClCompile Include="TViewTransformRenderTask.cpp">
      <Filter>源文件\render_tasks\view_transform</Filter>
    </ClCompile>
    <ClCompile Include="TSoftRenderer.cpp">
      <Filter>源文件\graphics</Filter>
    </ClCompile>
    <ClCompile Include="TBufferObject.cpp">
      <Filter>源文件\graphics</Filter>
    </ClCompile>
    <ClCompile Include="TVertexArrayObject.cpp">
      <Filter>源文件\graphics</Filter>
    </ClCompile>
    <ClCompile Include="TTriangleOGLPipelineRenderTask.cpp">
      <Filter>源文件\render_tasks\ogl_pipeline</Filter>
    </ClCompile>
    <ClCompile Include="TShader.cpp">
      <Filter>源文件\graphics</Filter>
    </ClCompile>
    <ClCompile Include="TClippingRenderTask.cpp">
      <Filter>源文件\render_tasks\clipping</Filter>
    </ClCompile>
    <ClCompile Include="TPassThroughColorShader.cpp">
      <Filter>源文件\render_tasks\Shaders</Filter>
    </ClCompile>
    <ClCompile Include="TPassThroughUvShader.cpp">
      <Filter>源文件\render_tasks\Shaders</Filter>
    </ClCompile>
    <ClCompile Include="TChessboardRenderTask.cpp">
      <Filter>源文件\render_tasks\perspective_correction</Filter>
    </ClCompile>
    <ClCompile Include="TBackFaceCullingRenderTask.cpp">
      <Filter>源文件\render_tasks\culling</Filter>
    </ClCompile>
    <ClCompile Include="TDepthTestRenderTask.cpp">
      <Filter>源文件\render_tasks\depth_test</Filter>
    </ClCompile>
    <ClCompile Include="TCubeRenderTask.cpp">
      <Filter>源文件\render_tasks\depth_test</Filter>
    </ClCompile>
    <ClCompile Include="TBlendTestRenderTask.cpp">
      <Filter>源文件\render_tasks\blending</Filter>
    </ClCompile>
    <ClCompile Include="TTexture.cpp">
      <Filter>源文件\graphics</Filter>
    </ClCompile>
    <ClCompile Include="TImageTextureRenderTask.cpp">
      <Filter>源文件\render_tasks\texture_interface</Filter>
    </ClCompile>
    <ClCompile Include="TCameraController.cpp">
      <Filter>源文件\render_tasks\Camera</Filter>
    </ClCompile>
    <ClCompile Include="TCameraRenderTask.cpp">
      <Filter>源文件\render_tasks\camera_control</Filter>
    </ClCompile>
    <ClCompile Include="TLambertianRenderTask.h">
      <Filter>头文件\render_tasks\lambertian</Filter>
    </ClCompile>
    <ClCompile Include="TLambertianRenderTask.cpp">
      <Filter>源文件\render_tasks\lambertian</Filter>
    </ClCompile>
    <ClCompile Include="TLambertianShader.h">
      <Filter>头文件\render_tasks\Shaders</Filter>
    </ClCompile>
    <ClCompile Include="TLambertianShader.cpp">
      <Filter>源文件\render_tasks\Shaders</Filter>
    </ClCompile>
    <ClCompile Include="TMesh.cpp">
      <Filter>源文件\render_tasks\Model</Filter>
    </ClCompile>
    <ClCompile Include="TNode.cpp">
      <Filter>源文件\render_tasks\Model</Filter>
    </ClCompile>
    <ClCompile Include="TModel.cpp">
      <Filter>源文件\render_tasks\Model</Filter>
    </ClCompile>
    <ClCompile Include="TModelRenderTask.cpp">
      <Filter>源文件\render_tasks\model_loading</Filter>
    </ClCompile>
  </ItemGroup>
  <ItemGroup>
    <ClInclude Include="TBasicWindow.h">
      <Filter>头文件\window</Filter>
    </ClInclude>
    <ClInclude Include="TRasterizer.h">
      <Filter>头文件\graphics</Filter>
    </ClInclude>
    <ClInclude Include="IRenderTask.h">
      <Filter>头文件\window</Filter>
    </ClInclude>
    <ClInclude Include="TRandomDotRenderTask.h">
      <Filter>头文件\render_tasks\random_dot</Filter>
    </ClInclude>
    <ClInclude Include="TColor.h">
      <Filter>头文件\graphics</Filter>
    </ClInclude>
    <ClInclude Include="TRadialLinesRenderTask.h">
      <Filter>头文件\render_tasks\radial_lines</Filter>
    </ClInclude>
    <ClInclude Include="TVector.h">
      <Filter>头文件\math</Filter>
    </ClInclude>
    <ClInclude Include="TVectorOpsRenderTask.h">
      <Filter>头文件\render_tasks\vector_operations</Filter>
    </ClInclude>
    <ClInclude Include="TColorfulTriangleRenderTask.h">
      <Filter>头文件\render_tasks\colorful_triangle</Filter>
    </ClInclude>
    <ClInclude Include="stb_image.h">
      <Filter>头文件\external\stb</Filter>
    </ClInclude>
    <ClInclude Include="TImage.h">
      <Filter>头文件\graphics</Filter>
    </ClInclude>
    <ClInclude Include="TImageDisplayTask.h">
      <Filter>头文件\render_tasks\image_display</Filter>
    </ClInclude>
    <ClInclude Include="TRenderState.h">
      <Filter>头文件\graphics</Filter>
    </ClInclude>
    <ClInclude Include="TTextureUVRenderTask.h">
      <Filter>头文件\render_tasks\texture_uv</Filter>
    </ClInclude>
    <ClInclude Include="TBilinearUVRenderTask.h">
      <Filter>头文件\render_tasks\bilinear_uv</Filter>
    </ClInclude>
    <ClInclude Include="TWrapModeRenderTask.h">
      <Filter>头文件\render_tasks\wrap_mode</Filter>
    </ClInclude>
    <ClInclude Include="TMatrix.h">
      <Filter>头文件\math</Filter>
    </ClInclude>
    <ClInclude Include="TMatrixOpsTask.h">
      <Filter>头文件\render_tasks\matrix_operations</Filter>
    </ClInclude>
    <ClInclude Include="TViewTransformRenderTask.h">
      <Filter>头文件\render_tasks\view_transform</Filter>
    </ClInclude>
    <ClInclude Include="TSoftRenderer.h">
      <Filter>头文件\graphics</Filter>
    </ClInclude>
    <ClInclude Include="TBufferObject.h">
      <Filter>头文件\graphics</Filter>
    </ClInclude>
    <ClInclude Include="TVertexArrayObject.h">
      <Filter>头文件\graphics</Filter>
    </ClInclude>
    <ClInclude Include="TTriangleOGLPipelineRenderTask.h">
      <Filter>头文件\render_tasks\ogl_pipeline</Filter>
    </ClInclude>
    <ClInclude Include="TShader.h">
      <Filter>头文件\graphics</Filter>
    </ClInclude>
    <ClInclude Include="TClippingRenderTask.h">
      <Filter>头文件\render_tasks\clipping</Filter>
    </ClInclude>
    <ClInclude Include="TPassThroughColorShader.h">
      <Filter>头文件\render_tasks\Shaders</Filter>
    </ClInclude>
    <ClInclude Include="TChessboardRenderTask.h">
      <Filter>头文件\render_tasks\perspective_correction</Filter>
    </ClInclude>
    <ClInclude Include="TPassThroughUvShader.h">
      <Filter>头文件\render_tasks\Shaders</Filter>
    </ClInclude>
    <ClInclude Include="TBackFaceCullingRenderTask.h">
      <Filter>头文件\render_tasks\culling</Filter>
    </ClInclude>
    <ClInclude Include="TDepthTestRenderTask.h">
      <Filter>头文件\render_tasks\depth_test</Filter>
    </ClInclude>
    <ClInclude Include="TCubeRenderTask.h">
      <Filter>头文件\render_tasks\depth_test</Filter>
    </ClInclude>
    <ClInclude Include="TBlendTestRenderTask.h">
      <Filter>头文件\render_tasks\blending</Filter>
    </ClInclude>
    <ClInclude Include="TTexture.h">
      <Filter>头文件\graphics</Filter>
    </ClInclude>
    <ClInclude Include="TImageTextureRenderTask.h">
      <Filter>头文件\render_tasks\texture_interface</Filter>
    </ClInclude>
    <ClInclude Include="IInputHandler.h">
      <Filter>头文件\window</Filter>
    </ClInclude>
    <ClInclude Include="TCameraController.h">
      <Filter>头文件\render_tasks\Camera</Filter>
    </ClInclude>
    <ClInclude Include="TCameraRenderTask.h">
      <Filter>头文件\render_tasks\camera_control</Filter>
    </ClInclude>
    <ClInclude Include="TMesh.h">
      <Filter>头文件\render_tasks\Model</Filter>
    </ClInclude>
    <ClInclude Include="TNode.h">
      <Filter>头文件\render_tasks\Model</Filter>
    </ClInclude>
    <ClInclude Include="TModel.h">
      <Filter>头文件\render_tasks\Model</Filter>
    </ClInclude>
    <ClInclude Include="TModelRenderTask.h">
      <Filter>头文件\render_tasks\model_loading</Filter>
    </ClInclude>
  </ItemGroup>
  <ItemGroup>
    <Image Include="image\dog.jpg">
      <Filter>资源文件\image</Filter>
    </Image>
    <Image Include="image\ivysaur.png">
      <Filter>资源文件\image</Filter>
    </Image>
  </ItemGroup>
</Project>